
Microsoft Visual Studio Solution File, Format Version 12.00
# Visual Studio 14
VisualStudioVersion = 14.0.23107.0
MinimumVisualStudioVersion = 10.0.40219.1
Project("{888888A0-9F3D-457C-B088-3A5042F75D52}") = "MovieTrailer", "MovieTrailer\MovieTrailer.pyproj", "{DF8A75EC-61C6-4ECB-A374-2AA27FCE5946}"
EndProject
Project("{2150E333-8FDC-42A3-9474-1A3956D46DE8}") = "Solution Items", "Solution Items", "{040E16BA-81FC-4BC5-AEE8-992262AA83C5}"
	ProjectSection(SolutionItems) = preProject
		MovieTrailer\info.png = MovieTrailer\info.png
		README.txt = README.txt
	EndProjectSection
EndProject
Global
	GlobalSection(SolutionConfigurationPlatforms) = preSolution
		Debug|Any CPU = Debug|Any CPU
		Release|Any CPU = Release|Any CPU
	EndGlobalSection
	GlobalSection(ProjectConfigurationPlatforms) = postSolution
		{DF8A75EC-61C6-4ECB-A374-2AA27FCE5946}.Debug|Any CPU.ActiveCfg = Debug|Any CPU
		{DF8A75EC-61C6-4ECB-A374-2AA27FCE5946}.Release|Any CPU.ActiveCfg = Release|Any CPU
	EndGlobalSection
	GlobalSection(SolutionProperties) = preSolution
		HideSolutionNode = FALSE
	EndGlobalSection
EndGlobal
